// !$*UTF8*$!
{
	archiveVersion = 1;
	classes = {
	};
	objectVersion = 51;
	objects = {

/* Begin PBXBuildFile section */
		2242C91B4DC3B4A2587813F8 /* Pods_Weather.framework in Frameworks */ = {isa = PBXBuildFile; fileRef = CDF77786A22C8E094DFFEE8F /* Pods_Weather.framework */; };
		42BFC07126F2CF5C009A56E9 /* AppDelegate.swift in Sources */ = {isa = PBXBuildFile; fileRef = 42BFC07026F2CF5C009A56E9 /* AppDelegate.swift */; };
		42BFC07B26F2CF5C009A56E9 /* Weather.xcdatamodeld in Sources */ = {isa = PBXBuildFile; fileRef = 42BFC07926F2CF5C009A56E9 /* Weather.xcdatamodeld */; };
		42BFC07D26F2CF5F009A56E9 /* Assets.xcassets in Resources */ = {isa = PBXBuildFile; fileRef = 42BFC07C26F2CF5F009A56E9 /* Assets.xcassets */; };
		42BFC08026F2CF5F009A56E9 /* LaunchScreen.storyboard in Resources */ = {isa = PBXBuildFile; fileRef = 42BFC07E26F2CF5F009A56E9 /* LaunchScreen.storyboard */; };
		42BFC08B26F2CF60009A56E9 /* WeatherTests.swift in Sources */ = {isa = PBXBuildFile; fileRef = 42BFC08A26F2CF60009A56E9 /* WeatherTests.swift */; };
		42BFC09626F2CF60009A56E9 /* WeatherUITests.swift in Sources */ = {isa = PBXBuildFile; fileRef = 42BFC09526F2CF60009A56E9 /* WeatherUITests.swift */; };
		42BFC0A926F2D11A009A56E9 /* AppManager.swift in Sources */ = {isa = PBXBuildFile; fileRef = 42BFC0A826F2D11A009A56E9 /* AppManager.swift */; };
		42BFC0AA26F2D11A009A56E9 /* AppManager.swift in Sources */ = {isa = PBXBuildFile; fileRef = 42BFC0A826F2D11A009A56E9 /* AppManager.swift */; };
		42BFC0AB26F2D11A009A56E9 /* AppManager.swift in Sources */ = {isa = PBXBuildFile; fileRef = 42BFC0A826F2D11A009A56E9 /* AppManager.swift */; };
		42EE679E26F2DD06004D611F /* CommonViewController.swift in Sources */ = {isa = PBXBuildFile; fileRef = 42EE679D26F2DD06004D611F /* CommonViewController.swift */; };
		42EE679F26F2DD06004D611F /* CommonViewController.swift in Sources */ = {isa = PBXBuildFile; fileRef = 42EE679D26F2DD06004D611F /* CommonViewController.swift */; };
		42EE67A026F2DD06004D611F /* CommonViewController.swift in Sources */ = {isa = PBXBuildFile; fileRef = 42EE679D26F2DD06004D611F /* CommonViewController.swift */; };
		42EE67A326F2DE30004D611F /* ViewRouter.swift in Sources */ = {isa = PBXBuildFile; fileRef = 42EE67A226F2DE30004D611F /* ViewRouter.swift */; };
		42EE67A426F2DE30004D611F /* ViewRouter.swift in Sources */ = {isa = PBXBuildFile; fileRef = 42EE67A226F2DE30004D611F /* ViewRouter.swift */; };
		42EE67A726F2E10B004D611F /* RootWeatherViewController.swift in Sources */ = {isa = PBXBuildFile; fileRef = 42EE67A626F2E10B004D611F /* RootWeatherViewController.swift */; };
		42EE67A826F2E10B004D611F /* RootWeatherViewController.swift in Sources */ = {isa = PBXBuildFile; fileRef = 42EE67A626F2E10B004D611F /* RootWeatherViewController.swift */; };
		42EE67AB26F2E21F004D611F /* UIViewExt.swift in Sources */ = {isa = PBXBuildFile; fileRef = 42EE67AA26F2E21F004D611F /* UIViewExt.swift */; };
		42EE67AC26F2E21F004D611F /* UIViewExt.swift in Sources */ = {isa = PBXBuildFile; fileRef = 42EE67AA26F2E21F004D611F /* UIViewExt.swift */; };
		42EE67AF26F2F0F0004D611F /* CGFloatExt.swift in Sources */ = {isa = PBXBuildFile; fileRef = 42EE67AE26F2F0F0004D611F /* CGFloatExt.swift */; };
		42EE67B026F2F0F0004D611F /* CGFloatExt.swift in Sources */ = {isa = PBXBuildFile; fileRef = 42EE67AE26F2F0F0004D611F /* CGFloatExt.swift */; };
		42EE67B326F2F407004D611F /* ViewModel.swift in Sources */ = {isa = PBXBuildFile; fileRef = 42EE67B226F2F407004D611F /* ViewModel.swift */; };
		42EE67B426F2F407004D611F /* ViewModel.swift in Sources */ = {isa = PBXBuildFile; fileRef = 42EE67B226F2F407004D611F /* ViewModel.swift */; };
		42EE67B526F2F407004D611F /* ViewModel.swift in Sources */ = {isa = PBXBuildFile; fileRef = 42EE67B226F2F407004D611F /* ViewModel.swift */; };
		42EE67B726F2F423004D611F /* RootWeatherViewModel.swift in Sources */ = {isa = PBXBuildFile; fileRef = 42EE67B626F2F423004D611F /* RootWeatherViewModel.swift */; };
		42EE67B826F2F423004D611F /* RootWeatherViewModel.swift in Sources */ = {isa = PBXBuildFile; fileRef = 42EE67B626F2F423004D611F /* RootWeatherViewModel.swift */; };
		42EE67B926F2F423004D611F /* RootWeatherViewModel.swift in Sources */ = {isa = PBXBuildFile; fileRef = 42EE67B626F2F423004D611F /* RootWeatherViewModel.swift */; };
		42EE67BB26F2F70B004D611F /* Constants.swift in Sources */ = {isa = PBXBuildFile; fileRef = 42EE67BA26F2F70B004D611F /* Constants.swift */; };
		42EE67BC26F2F70B004D611F /* Constants.swift in Sources */ = {isa = PBXBuildFile; fileRef = 42EE67BA26F2F70B004D611F /* Constants.swift */; };
		42EE67BD26F2F70B004D611F /* Constants.swift in Sources */ = {isa = PBXBuildFile; fileRef = 42EE67BA26F2F70B004D611F /* Constants.swift */; };
		42EE67C026F3023C004D611F /* SmallWeatherCollectionViewCell.swift in Sources */ = {isa = PBXBuildFile; fileRef = 42EE67BF26F3023C004D611F /* SmallWeatherCollectionViewCell.swift */; };
		42EE67C126F3023C004D611F /* SmallWeatherCollectionViewCell.swift in Sources */ = {isa = PBXBuildFile; fileRef = 42EE67BF26F3023C004D611F /* SmallWeatherCollectionViewCell.swift */; };
		42EE67C326F3C80E004D611F /* TempLabel.swift in Sources */ = {isa = PBXBuildFile; fileRef = 42EE67C226F3C80E004D611F /* TempLabel.swift */; };
		42EE67C426F3C80E004D611F /* TempLabel.swift in Sources */ = {isa = PBXBuildFile; fileRef = 42EE67C226F3C80E004D611F /* TempLabel.swift */; };
		42EE67C526F3C80E004D611F /* TempLabel.swift in Sources */ = {isa = PBXBuildFile; fileRef = 42EE67C226F3C80E004D611F /* TempLabel.swift */; };
		42EE67C826F45536004D611F /* OneAPIDataModel.swift in Sources */ = {isa = PBXBuildFile; fileRef = 42EE67C726F45536004D611F /* OneAPIDataModel.swift */; };
		42EE67C926F45536004D611F /* OneAPIDataModel.swift in Sources */ = {isa = PBXBuildFile; fileRef = 42EE67C726F45536004D611F /* OneAPIDataModel.swift */; };
		42EE67CA26F45536004D611F /* OneAPIDataModel.swift in Sources */ = {isa = PBXBuildFile; fileRef = 42EE67C726F45536004D611F /* OneAPIDataModel.swift */; };
		42EE67CD26F460D3004D611F /* WeatherAPIRequestManager.swift in Sources */ = {isa = PBXBuildFile; fileRef = 42EE67CC26F460D3004D611F /* WeatherAPIRequestManager.swift */; };
		42EE67CE26F460D3004D611F /* WeatherAPIRequestManager.swift in Sources */ = {isa = PBXBuildFile; fileRef = 42EE67CC26F460D3004D611F /* WeatherAPIRequestManager.swift */; };
		42EE67CF26F460D3004D611F /* WeatherAPIRequestManager.swift in Sources */ = {isa = PBXBuildFile; fileRef = 42EE67CC26F460D3004D611F /* WeatherAPIRequestManager.swift */; };
		D98DA8C5CB32DC5642C9D229 /* Pods_Weather_WeatherUITests.framework in Frameworks */ = {isa = PBXBuildFile; fileRef = 1FC2C06967ADD2320250C56C /* Pods_Weather_WeatherUITests.framework */; };
		EEB2B665B2A1BA33F4C595B3 /* Pods_WeatherTests.framework in Frameworks */ = {isa = PBXBuildFile; fileRef = 385C5FE9E2EDD7FF3BB0453A /* Pods_WeatherTests.framework */; };
/* End PBXBuildFile section */

/* Begin PBXContainerItemProxy section */
		42BFC08726F2CF60009A56E9 /* PBXContainerItemProxy */ = {
			isa = PBXContainerItemProxy;
			containerPortal = 42BFC06526F2CF5C009A56E9 /* Project object */;
			proxyType = 1;
			remoteGlobalIDString = 42BFC06C26F2CF5C009A56E9;
			remoteInfo = Weather;
		};
		42BFC09226F2CF60009A56E9 /* PBXContainerItemProxy */ = {
			isa = PBXContainerItemProxy;
			containerPortal = 42BFC06526F2CF5C009A56E9 /* Project object */;
			proxyType = 1;
			remoteGlobalIDString = 42BFC06C26F2CF5C009A56E9;
			remoteInfo = Weather;
		};
/* End PBXContainerItemProxy section */

/* Begin PBXFileReference section */
		1FC2C06967ADD2320250C56C /* Pods_Weather_WeatherUITests.framework */ = {isa = PBXFileReference; explicitFileType = wrapper.framework; includeInIndex = 0; path = Pods_Weather_WeatherUITests.framework; sourceTree = BUILT_PRODUCTS_DIR; };
		303966249D2D92EC55864A70 /* Pods-Weather-WeatherUITests.debug.xcconfig */ = {isa = PBXFileReference; includeInIndex = 1; lastKnownFileType = text.xcconfig; name = "Pods-Weather-WeatherUITests.debug.xcconfig"; path = "Target Support Files/Pods-Weather-WeatherUITests/Pods-Weather-WeatherUITests.debug.xcconfig"; sourceTree = "<group>"; };
		385C5FE9E2EDD7FF3BB0453A /* Pods_WeatherTests.framework */ = {isa = PBXFileReference; explicitFileType = wrapper.framework; includeInIndex = 0; path = Pods_WeatherTests.framework; sourceTree = BUILT_PRODUCTS_DIR; };
		42BFC06D26F2CF5C009A56E9 /* Weather.app */ = {isa = PBXFileReference; explicitFileType = wrapper.application; includeInIndex = 0; path = Weather.app; sourceTree = BUILT_PRODUCTS_DIR; };
		42BFC07026F2CF5C009A56E9 /* AppDelegate.swift */ = {isa = PBXFileReference; lastKnownFileType = sourcecode.swift; path = AppDelegate.swift; sourceTree = "<group>"; };
		42BFC07A26F2CF5C009A56E9 /* Weather.xcdatamodel */ = {isa = PBXFileReference; lastKnownFileType = wrapper.xcdatamodel; path = Weather.xcdatamodel; sourceTree = "<group>"; };
		42BFC07C26F2CF5F009A56E9 /* Assets.xcassets */ = {isa = PBXFileReference; lastKnownFileType = folder.assetcatalog; path = Assets.xcassets; sourceTree = "<group>"; };
		42BFC07F26F2CF5F009A56E9 /* Base */ = {isa = PBXFileReference; lastKnownFileType = file.storyboard; name = Base; path = Base.lproj/LaunchScreen.storyboard; sourceTree = "<group>"; };
		42BFC08126F2CF5F009A56E9 /* Info.plist */ = {isa = PBXFileReference; lastKnownFileType = text.plist.xml; path = Info.plist; sourceTree = "<group>"; };
		42BFC08626F2CF60009A56E9 /* WeatherTests.xctest */ = {isa = PBXFileReference; explicitFileType = wrapper.cfbundle; includeInIndex = 0; path = WeatherTests.xctest; sourceTree = BUILT_PRODUCTS_DIR; };
		42BFC08A26F2CF60009A56E9 /* WeatherTests.swift */ = {isa = PBXFileReference; lastKnownFileType = sourcecode.swift; path = WeatherTests.swift; sourceTree = "<group>"; };
		42BFC08C26F2CF60009A56E9 /* Info.plist */ = {isa = PBXFileReference; lastKnownFileType = text.plist.xml; path = Info.plist; sourceTree = "<group>"; };
		42BFC09126F2CF60009A56E9 /* WeatherUITests.xctest */ = {isa = PBXFileReference; explicitFileType = wrapper.cfbundle; includeInIndex = 0; path = WeatherUITests.xctest; sourceTree = BUILT_PRODUCTS_DIR; };
		42BFC09526F2CF60009A56E9 /* WeatherUITests.swift */ = {isa = PBXFileReference; lastKnownFileType = sourcecode.swift; path = WeatherUITests.swift; sourceTree = "<group>"; };
		42BFC09726F2CF60009A56E9 /* Info.plist */ = {isa = PBXFileReference; lastKnownFileType = text.plist.xml; path = Info.plist; sourceTree = "<group>"; };
		42BFC0A826F2D11A009A56E9 /* AppManager.swift */ = {isa = PBXFileReference; lastKnownFileType = sourcecode.swift; path = AppManager.swift; sourceTree = "<group>"; };
		42EE679D26F2DD06004D611F /* CommonViewController.swift */ = {isa = PBXFileReference; lastKnownFileType = sourcecode.swift; path = CommonViewController.swift; sourceTree = "<group>"; };
		42EE67A226F2DE30004D611F /* ViewRouter.swift */ = {isa = PBXFileReference; lastKnownFileType = sourcecode.swift; path = ViewRouter.swift; sourceTree = "<group>"; };
		42EE67A626F2E10B004D611F /* RootWeatherViewController.swift */ = {isa = PBXFileReference; lastKnownFileType = sourcecode.swift; path = RootWeatherViewController.swift; sourceTree = "<group>"; };
		42EE67AA26F2E21F004D611F /* UIViewExt.swift */ = {isa = PBXFileReference; lastKnownFileType = sourcecode.swift; path = UIViewExt.swift; sourceTree = "<group>"; };
		42EE67AE26F2F0F0004D611F /* CGFloatExt.swift */ = {isa = PBXFileReference; lastKnownFileType = sourcecode.swift; path = CGFloatExt.swift; sourceTree = "<group>"; };
		42EE67B226F2F407004D611F /* ViewModel.swift */ = {isa = PBXFileReference; lastKnownFileType = sourcecode.swift; path = ViewModel.swift; sourceTree = "<group>"; };
		42EE67B626F2F423004D611F /* RootWeatherViewModel.swift */ = {isa = PBXFileReference; lastKnownFileType = sourcecode.swift; path = RootWeatherViewModel.swift; sourceTree = "<group>"; };
		42EE67BA26F2F70B004D611F /* Constants.swift */ = {isa = PBXFileReference; lastKnownFileType = sourcecode.swift; path = Constants.swift; sourceTree = "<group>"; };
		42EE67BF26F3023C004D611F /* SmallWeatherCollectionViewCell.swift */ = {isa = PBXFileReference; lastKnownFileType = sourcecode.swift; path = SmallWeatherCollectionViewCell.swift; sourceTree = "<group>"; };
		42EE67C226F3C80E004D611F /* TempLabel.swift */ = {isa = PBXFileReference; lastKnownFileType = sourcecode.swift; path = TempLabel.swift; sourceTree = "<group>"; };
		42EE67C726F45536004D611F /* OneAPIDataModel.swift */ = {isa = PBXFileReference; lastKnownFileType = sourcecode.swift; path = OneAPIDataModel.swift; sourceTree = "<group>"; };
		42EE67CC26F460D3004D611F /* WeatherAPIRequestManager.swift */ = {isa = PBXFileReference; lastKnownFileType = sourcecode.swift; path = WeatherAPIRequestManager.swift; sourceTree = "<group>"; };
		8E9721DB0C1B28F8CBC89076 /* Pods-WeatherTests.release.xcconfig */ = {isa = PBXFileReference; includeInIndex = 1; lastKnownFileType = text.xcconfig; name = "Pods-WeatherTests.release.xcconfig"; path = "Target Support Files/Pods-WeatherTests/Pods-WeatherTests.release.xcconfig"; sourceTree = "<group>"; };
		BE54BE68CD8926852211C249 /* Pods-Weather.release.xcconfig */ = {isa = PBXFileReference; includeInIndex = 1; lastKnownFileType = text.xcconfig; name = "Pods-Weather.release.xcconfig"; path = "Target Support Files/Pods-Weather/Pods-Weather.release.xcconfig"; sourceTree = "<group>"; };
		CCDB157B2DF95C124BBD911F /* Pods-WeatherTests.debug.xcconfig */ = {isa = PBXFileReference; includeInIndex = 1; lastKnownFileType = text.xcconfig; name = "Pods-WeatherTests.debug.xcconfig"; path = "Target Support Files/Pods-WeatherTests/Pods-WeatherTests.debug.xcconfig"; sourceTree = "<group>"; };
		CDF77786A22C8E094DFFEE8F /* Pods_Weather.framework */ = {isa = PBXFileReference; explicitFileType = wrapper.framework; includeInIndex = 0; path = Pods_Weather.framework; sourceTree = BUILT_PRODUCTS_DIR; };
		D2ADE56AC918C8487399F20C /* Pods-Weather.debug.xcconfig */ = {isa = PBXFileReference; includeInIndex = 1; lastKnownFileType = text.xcconfig; name = "Pods-Weather.debug.xcconfig"; path = "Target Support Files/Pods-Weather/Pods-Weather.debug.xcconfig"; sourceTree = "<group>"; };
		E87EA5E2AB23B17AFA33D10A /* Pods-Weather-WeatherUITests.release.xcconfig */ = {isa = PBXFileReference; includeInIndex = 1; lastKnownFileType = text.xcconfig; name = "Pods-Weather-WeatherUITests.release.xcconfig"; path = "Target Support Files/Pods-Weather-WeatherUITests/Pods-Weather-WeatherUITests.release.xcconfig"; sourceTree = "<group>"; };
/* End PBXFileReference section */

/* Begin PBXFrameworksBuildPhase section */
		42BFC06A26F2CF5C009A56E9 /* Frameworks */ = {
			isa = PBXFrameworksBuildPhase;
			buildActionMask = 2147483647;
			files = (
				2242C91B4DC3B4A2587813F8 /* Pods_Weather.framework in Frameworks */,
			);
			runOnlyForDeploymentPostprocessing = 0;
		};
		42BFC08326F2CF60009A56E9 /* Frameworks */ = {
			isa = PBXFrameworksBuildPhase;
			buildActionMask = 2147483647;
			files = (
				EEB2B665B2A1BA33F4C595B3 /* Pods_WeatherTests.framework in Frameworks */,
			);
			runOnlyForDeploymentPostprocessing = 0;
		};
		42BFC08E26F2CF60009A56E9 /* Frameworks */ = {
			isa = PBXFrameworksBuildPhase;
			buildActionMask = 2147483647;
			files = (
				D98DA8C5CB32DC5642C9D229 /* Pods_Weather_WeatherUITests.framework in Frameworks */,
			);
			runOnlyForDeploymentPostprocessing = 0;
		};
/* End PBXFrameworksBuildPhase section */

/* Begin PBXGroup section */
		42BFC06426F2CF5C009A56E9 = {
			isa = PBXGroup;
			children = (
				42BFC06F26F2CF5C009A56E9 /* Weather */,
				42BFC08926F2CF60009A56E9 /* WeatherTests */,
				42BFC09426F2CF60009A56E9 /* WeatherUITests */,
				42BFC06E26F2CF5C009A56E9 /* Products */,
				9DF8FC6643F0A8394FCFC187 /* Pods */,
				71D17B9CCF5A83FC25DCF5FD /* Frameworks */,
			);
			sourceTree = "<group>";
		};
		42BFC06E26F2CF5C009A56E9 /* Products */ = {
			isa = PBXGroup;
			children = (
				42BFC06D26F2CF5C009A56E9 /* Weather.app */,
				42BFC08626F2CF60009A56E9 /* WeatherTests.xctest */,
				42BFC09126F2CF60009A56E9 /* WeatherUITests.xctest */,
			);
			name = Products;
			sourceTree = "<group>";
		};
		42BFC06F26F2CF5C009A56E9 /* Weather */ = {
			isa = PBXGroup;
			children = (
				42EE67CB26F46056004D611F /* Networking */,
				42BFC0A326F2D08C009A56E9 /* Assets */,
				42BFC0A726F2D0B6009A56E9 /* Components */,
				42BFC0A526F2D09A009A56E9 /* Models */,
				42BFC0A426F2D094009A56E9 /* Controllers */,
				42BFC0A626F2D0B0009A56E9 /* Managers */,
				42BFC07026F2CF5C009A56E9 /* AppDelegate.swift */,
				42BFC07E26F2CF5F009A56E9 /* LaunchScreen.storyboard */,
				42BFC08126F2CF5F009A56E9 /* Info.plist */,
				42BFC07926F2CF5C009A56E9 /* Weather.xcdatamodeld */,
			);
			path = Weather;
			sourceTree = "<group>";
		};
		42BFC08926F2CF60009A56E9 /* WeatherTests */ = {
			isa = PBXGroup;
			children = (
				42BFC08A26F2CF60009A56E9 /* WeatherTests.swift */,
				42BFC08C26F2CF60009A56E9 /* Info.plist */,
			);
			path = WeatherTests;
			sourceTree = "<group>";
		};
		42BFC09426F2CF60009A56E9 /* WeatherUITests */ = {
			isa = PBXGroup;
			children = (
				42BFC09526F2CF60009A56E9 /* WeatherUITests.swift */,
				42BFC09726F2CF60009A56E9 /* Info.plist */,
			);
			path = WeatherUITests;
			sourceTree = "<group>";
		};
		42BFC0A326F2D08C009A56E9 /* Assets */ = {
			isa = PBXGroup;
			children = (
				42BFC07C26F2CF5F009A56E9 /* Assets.xcassets */,
			);
			path = Assets;
			sourceTree = "<group>";
		};
		42BFC0A426F2D094009A56E9 /* Controllers */ = {
			isa = PBXGroup;
			children = (
				42EE679D26F2DD06004D611F /* CommonViewController.swift */,
				42EE67A226F2DE30004D611F /* ViewRouter.swift */,
				42EE67A526F2E0C3004D611F /* default */,
			);
			path = Controllers;
			sourceTree = "<group>";
		};
		42BFC0A526F2D09A009A56E9 /* Models */ = {
			isa = PBXGroup;
			children = (
				42EE67B226F2F407004D611F /* ViewModel.swift */,
				42EE67C626F4550B004D611F /* data */,
				42EE67B126F2F3EC004D611F /* default */,
			);
			path = Models;
			sourceTree = "<group>";
		};
		42BFC0A626F2D0B0009A56E9 /* Managers */ = {
			isa = PBXGroup;
			children = (
				42BFC0A826F2D11A009A56E9 /* AppManager.swift */,
			);
			path = Managers;
			sourceTree = "<group>";
		};
		42BFC0A726F2D0B6009A56E9 /* Components */ = {
			isa = PBXGroup;
			children = (
				42EE67BE26F30209004D611F /* Collection View Cell */,
				42EE67AD26F2EEA3004D611F /* Constants */,
				42EE67A926F2E20A004D611F /* Extensions */,
			);
			path = Components;
			sourceTree = "<group>";
		};
		42EE67A526F2E0C3004D611F /* default */ = {
			isa = PBXGroup;
			children = (
				42EE67A626F2E10B004D611F /* RootWeatherViewController.swift */,
			);
			path = default;
			sourceTree = "<group>";
		};
		42EE67A926F2E20A004D611F /* Extensions */ = {
			isa = PBXGroup;
			children = (
				42EE67AA26F2E21F004D611F /* UIViewExt.swift */,
				42EE67AE26F2F0F0004D611F /* CGFloatExt.swift */,
			);
			path = Extensions;
			sourceTree = "<group>";
		};
		42EE67AD26F2EEA3004D611F /* Constants */ = {
			isa = PBXGroup;
			children = (
				42EE67BA26F2F70B004D611F /* Constants.swift */,
			);
			path = Constants;
			sourceTree = "<group>";
		};
		42EE67B126F2F3EC004D611F /* default */ = {
			isa = PBXGroup;
			children = (
				42EE67B626F2F423004D611F /* RootWeatherViewModel.swift */,
			);
			path = default;
			sourceTree = "<group>";
		};
		42EE67BE26F30209004D611F /* Collection View Cell */ = {
			isa = PBXGroup;
			children = (
				42EE67BF26F3023C004D611F /* SmallWeatherCollectionViewCell.swift */,
				42EE67C226F3C80E004D611F /* TempLabel.swift */,
			);
			path = "Collection View Cell";
			sourceTree = "<group>";
		};
		42EE67C626F4550B004D611F /* data */ = {
			isa = PBXGroup;
			children = (
				42EE67C726F45536004D611F /* OneAPIDataModel.swift */,
			);
			path = data;
			sourceTree = "<group>";
		};
		42EE67CB26F46056004D611F /* Networking */ = {
			isa = PBXGroup;
			children = (
				42EE67CC26F460D3004D611F /* WeatherAPIRequestManager.swift */,
			);
			path = Networking;
			sourceTree = "<group>";
		};
		71D17B9CCF5A83FC25DCF5FD /* Frameworks */ = {
			isa = PBXGroup;
			children = (
				CDF77786A22C8E094DFFEE8F /* Pods_Weather.framework */,
				1FC2C06967ADD2320250C56C /* Pods_Weather_WeatherUITests.framework */,
				385C5FE9E2EDD7FF3BB0453A /* Pods_WeatherTests.framework */,
			);
			name = Frameworks;
			sourceTree = "<group>";
		};
		9DF8FC6643F0A8394FCFC187 /* Pods */ = {
			isa = PBXGroup;
			children = (
				D2ADE56AC918C8487399F20C /* Pods-Weather.debug.xcconfig */,
				BE54BE68CD8926852211C249 /* Pods-Weather.release.xcconfig */,
				303966249D2D92EC55864A70 /* Pods-Weather-WeatherUITests.debug.xcconfig */,
				E87EA5E2AB23B17AFA33D10A /* Pods-Weather-WeatherUITests.release.xcconfig */,
				CCDB157B2DF95C124BBD911F /* Pods-WeatherTests.debug.xcconfig */,
				8E9721DB0C1B28F8CBC89076 /* Pods-WeatherTests.release.xcconfig */,
			);
			path = Pods;
			sourceTree = "<group>";
		};
/* End PBXGroup section */

/* Begin PBXNativeTarget section */
		42BFC06C26F2CF5C009A56E9 /* Weather */ = {
			isa = PBXNativeTarget;
			buildConfigurationList = 42BFC09A26F2CF60009A56E9 /* Build configuration list for PBXNativeTarget "Weather" */;
			buildPhases = (
				F85ED1361794651B283DF6A9 /* [CP] Check Pods Manifest.lock */,
				42BFC06926F2CF5C009A56E9 /* Sources */,
				42BFC06A26F2CF5C009A56E9 /* Frameworks */,
				42BFC06B26F2CF5C009A56E9 /* Resources */,
				50198696FB19CF4DFECBF598 /* [CP] Embed Pods Frameworks */,
			);
			buildRules = (
			);
			dependencies = (
			);
			name = Weather;
			productName = Weather;
			productReference = 42BFC06D26F2CF5C009A56E9 /* Weather.app */;
			productType = "com.apple.product-type.application";
		};
		42BFC08526F2CF60009A56E9 /* WeatherTests */ = {
			isa = PBXNativeTarget;
			buildConfigurationList = 42BFC09D26F2CF60009A56E9 /* Build configuration list for PBXNativeTarget "WeatherTests" */;
			buildPhases = (
				8EAE5D3AF01D623C4542D63A /* [CP] Check Pods Manifest.lock */,
				42BFC08226F2CF60009A56E9 /* Sources */,
				42BFC08326F2CF60009A56E9 /* Frameworks */,
				42BFC08426F2CF60009A56E9 /* Resources */,
			);
			buildRules = (
			);
			dependencies = (
				42BFC08826F2CF60009A56E9 /* PBXTargetDependency */,
			);
			name = WeatherTests;
			productName = WeatherTests;
			productReference = 42BFC08626F2CF60009A56E9 /* WeatherTests.xctest */;
			productType = "com.apple.product-type.bundle.unit-test";
		};
		42BFC09026F2CF60009A56E9 /* WeatherUITests */ = {
			isa = PBXNativeTarget;
			buildConfigurationList = 42BFC0A026F2CF60009A56E9 /* Build configuration list for PBXNativeTarget "WeatherUITests" */;
			buildPhases = (
				00B43BC1653A7319251B1DDB /* [CP] Check Pods Manifest.lock */,
				42BFC08D26F2CF60009A56E9 /* Sources */,
				42BFC08E26F2CF60009A56E9 /* Frameworks */,
				42BFC08F26F2CF60009A56E9 /* Resources */,
				DD0B91A101C21814C181DD09 /* [CP] Embed Pods Frameworks */,
			);
			buildRules = (
			);
			dependencies = (
				42BFC09326F2CF60009A56E9 /* PBXTargetDependency */,
			);
			name = WeatherUITests;
			productName = WeatherUITests;
			productReference = 42BFC09126F2CF60009A56E9 /* WeatherUITests.xctest */;
			productType = "com.apple.product-type.bundle.ui-testing";
		};
/* End PBXNativeTarget section */

/* Begin PBXProject section */
		42BFC06526F2CF5C009A56E9 /* Project object */ = {
			isa = PBXProject;
			attributes = {
				LastSwiftUpdateCheck = 1250;
				LastUpgradeCheck = 1250;
				TargetAttributes = {
					42BFC06C26F2CF5C009A56E9 = {
						CreatedOnToolsVersion = 12.5.1;
					};
					42BFC08526F2CF60009A56E9 = {
						CreatedOnToolsVersion = 12.5.1;
						TestTargetID = 42BFC06C26F2CF5C009A56E9;
					};
					42BFC09026F2CF60009A56E9 = {
						CreatedOnToolsVersion = 12.5.1;
						TestTargetID = 42BFC06C26F2CF5C009A56E9;
					};
				};
			};
			buildConfigurationList = 42BFC06826F2CF5C009A56E9 /* Build configuration list for PBXProject "Weather" */;
			compatibilityVersion = "Xcode 9.3";
			developmentRegion = en;
			hasScannedForEncodings = 0;
			knownRegions = (
				en,
				Base,
			);
			mainGroup = 42BFC06426F2CF5C009A56E9;
			productRefGroup = 42BFC06E26F2CF5C009A56E9 /* Products */;
			projectDirPath = "";
			projectRoot = "";
			targets = (
				42BFC06C26F2CF5C009A56E9 /* Weather */,
				42BFC08526F2CF60009A56E9 /* WeatherTests */,
				42BFC09026F2CF60009A56E9 /* WeatherUITests */,
			);
		};
/* End PBXProject section */

/* Begin PBXResourcesBuildPhase section */
		42BFC06B26F2CF5C009A56E9 /* Resources */ = {
			isa = PBXResourcesBuildPhase;
			buildActionMask = 2147483647;
			files = (
				42BFC08026F2CF5F009A56E9 /* LaunchScreen.storyboard in Resources */,
				42BFC07D26F2CF5F009A56E9 /* Assets.xcassets in Resources */,
			);
			runOnlyForDeploymentPostprocessing = 0;
		};
		42BFC08426F2CF60009A56E9 /* Resources */ = {
			isa = PBXResourcesBuildPhase;
			buildActionMask = 2147483647;
			files = (
			);
			runOnlyForDeploymentPostprocessing = 0;
		};
		42BFC08F26F2CF60009A56E9 /* Resources */ = {
			isa = PBXResourcesBuildPhase;
			buildActionMask = 2147483647;
			files = (
			);
			runOnlyForDeploymentPostprocessing = 0;
		};
/* End PBXResourcesBuildPhase section */

/* Begin PBXShellScriptBuildPhase section */
		00B43BC1653A7319251B1DDB /* [CP] Check Pods Manifest.lock */ = {
			isa = PBXShellScriptBuildPhase;
			buildActionMask = 2147483647;
			files = (
			);
			inputFileListPaths = (
			);
			inputPaths = (
				"${PODS_PODFILE_DIR_PATH}/Podfile.lock",
				"${PODS_ROOT}/Manifest.lock",
			);
			name = "[CP] Check Pods Manifest.lock";
			outputFileListPaths = (
			);
			outputPaths = (
				"$(DERIVED_FILE_DIR)/Pods-Weather-WeatherUITests-checkManifestLockResult.txt",
			);
			runOnlyForDeploymentPostprocessing = 0;
			shellPath = /bin/sh;
			shellScript = "diff \"${PODS_PODFILE_DIR_PATH}/Podfile.lock\" \"${PODS_ROOT}/Manifest.lock\" > /dev/null\nif [ $? != 0 ] ; then\n    # print error to STDERR\n    echo \"error: The sandbox is not in sync with the Podfile.lock. Run 'pod install' or update your CocoaPods installation.\" >&2\n    exit 1\nfi\n# This output is used by Xcode 'outputs' to avoid re-running this script phase.\necho \"SUCCESS\" > \"${SCRIPT_OUTPUT_FILE_0}\"\n";
			showEnvVarsInLog = 0;
		};
		50198696FB19CF4DFECBF598 /* [CP] Embed Pods Frameworks */ = {
			isa = PBXShellScriptBuildPhase;
			buildActionMask = 2147483647;
			files = (
			);
			inputFileListPaths = (
				"${PODS_ROOT}/Target Support Files/Pods-Weather/Pods-Weather-frameworks-${CONFIGURATION}-input-files.xcfilelist",
			);
			name = "[CP] Embed Pods Frameworks";
			outputFileListPaths = (
				"${PODS_ROOT}/Target Support Files/Pods-Weather/Pods-Weather-frameworks-${CONFIGURATION}-output-files.xcfilelist",
			);
			runOnlyForDeploymentPostprocessing = 0;
			shellPath = /bin/sh;
			shellScript = "\"${PODS_ROOT}/Target Support Files/Pods-Weather/Pods-Weather-frameworks.sh\"\n";
			showEnvVarsInLog = 0;
		};
		8EAE5D3AF01D623C4542D63A /* [CP] Check Pods Manifest.lock */ = {
			isa = PBXShellScriptBuildPhase;
			buildActionMask = 2147483647;
			files = (
			);
			inputFileListPaths = (
			);
			inputPaths = (
				"${PODS_PODFILE_DIR_PATH}/Podfile.lock",
				"${PODS_ROOT}/Manifest.lock",
			);
			name = "[CP] Check Pods Manifest.lock";
			outputFileListPaths = (
			);
			outputPaths = (
				"$(DERIVED_FILE_DIR)/Pods-WeatherTests-checkManifestLockResult.txt",
			);
			runOnlyForDeploymentPostprocessing = 0;
			shellPath = /bin/sh;
			shellScript = "diff \"${PODS_PODFILE_DIR_PATH}/Podfile.lock\" \"${PODS_ROOT}/Manifest.lock\" > /dev/null\nif [ $? != 0 ] ; then\n    # print error to STDERR\n    echo \"error: The sandbox is not in sync with the Podfile.lock. Run 'pod install' or update your CocoaPods installation.\" >&2\n    exit 1\nfi\n# This output is used by Xcode 'outputs' to avoid re-running this script phase.\necho \"SUCCESS\" > \"${SCRIPT_OUTPUT_FILE_0}\"\n";
			showEnvVarsInLog = 0;
		};
		DD0B91A101C21814C181DD09 /* [CP] Embed Pods Frameworks */ = {
			isa = PBXShellScriptBuildPhase;
			buildActionMask = 2147483647;
			files = (
			);
			inputFileListPaths = (
				"${PODS_ROOT}/Target Support Files/Pods-Weather-WeatherUITests/Pods-Weather-WeatherUITests-frameworks-${CONFIGURATION}-input-files.xcfilelist",
			);
			name = "[CP] Embed Pods Frameworks";
			outputFileListPaths = (
				"${PODS_ROOT}/Target Support Files/Pods-Weather-WeatherUITests/Pods-Weather-WeatherUITests-frameworks-${CONFIGURATION}-output-files.xcfilelist",
			);
			runOnlyForDeploymentPostprocessing = 0;
			shellPath = /bin/sh;
			shellScript = "\"${PODS_ROOT}/Target Support Files/Pods-Weather-WeatherUITests/Pods-Weather-WeatherUITests-frameworks.sh\"\n";
			showEnvVarsInLog = 0;
		};
		F85ED1361794651B283DF6A9 /* [CP] Check Pods Manifest.lock */ = {
			isa = PBXShellScriptBuildPhase;
			buildActionMask = 2147483647;
			files = (
			);
			inputFileListPaths = (
			);
			inputPaths = (
				"${PODS_PODFILE_DIR_PATH}/Podfile.lock",
				"${PODS_ROOT}/Manifest.lock",
			);
			name = "[CP] Check Pods Manifest.lock";
			outputFileListPaths = (
			);
			outputPaths = (
				"$(DERIVED_FILE_DIR)/Pods-Weather-checkManifestLockResult.txt",
			);
			runOnlyForDeploymentPostprocessing = 0;
			shellPath = /bin/sh;
			shellScript = "diff \"${PODS_PODFILE_DIR_PATH}/Podfile.lock\" \"${PODS_ROOT}/Manifest.lock\" > /dev/null\nif [ $? != 0 ] ; then\n    # print error to STDERR\n    echo \"error: The sandbox is not in sync with the Podfile.lock. Run 'pod install' or update your CocoaPods installation.\" >&2\n    exit 1\nfi\n# This output is used by Xcode 'outputs' to avoid re-running this script phase.\necho \"SUCCESS\" > \"${SCRIPT_OUTPUT_FILE_0}\"\n";
			showEnvVarsInLog = 0;
		};
/* End PBXShellScriptBuildPhase section */

/* Begin PBXSourcesBuildPhase section */
		42BFC06926F2CF5C009A56E9 /* Sources */ = {
			isa = PBXSourcesBuildPhase;
			buildActionMask = 2147483647;
			files = (
				42EE67AB26F2E21F004D611F /* UIViewExt.swift in Sources */,
				42EE67CD26F460D3004D611F /* WeatherAPIRequestManager.swift in Sources */,
				42EE67BB26F2F70B004D611F /* Constants.swift in Sources */,
				42EE67B326F2F407004D611F /* ViewModel.swift in Sources */,
				42EE67A326F2DE30004D611F /* ViewRouter.swift in Sources */,
				42EE67B726F2F423004D611F /* RootWeatherViewModel.swift in Sources */,
				42EE67C826F45536004D611F /* OneAPIDataModel.swift in Sources */,
				42BFC07B26F2CF5C009A56E9 /* Weather.xcdatamodeld in Sources */,
				42EE679E26F2DD06004D611F /* CommonViewController.swift in Sources */,
				42EE67AF26F2F0F0004D611F /* CGFloatExt.swift in Sources */,
				42BFC0A926F2D11A009A56E9 /* AppManager.swift in Sources */,
				42BFC07126F2CF5C009A56E9 /* AppDelegate.swift in Sources */,
				42EE67A726F2E10B004D611F /* RootWeatherViewController.swift in Sources */,
				42EE67C026F3023C004D611F /* SmallWeatherCollectionViewCell.swift in Sources */,
				42EE67C326F3C80E004D611F /* TempLabel.swift in Sources */,
			);
			runOnlyForDeploymentPostprocessing = 0;
		};
		42BFC08226F2CF60009A56E9 /* Sources */ = {
			isa = PBXSourcesBuildPhase;
			buildActionMask = 2147483647;
			files = (
				42EE67C426F3C80E004D611F /* TempLabel.swift in Sources */,
				42EE679F26F2DD06004D611F /* CommonViewController.swift in Sources */,
				42BFC08B26F2CF60009A56E9 /* WeatherTests.swift in Sources */,
				42EE67B426F2F407004D611F /* ViewModel.swift in Sources */,
				42EE67B826F2F423004D611F /* RootWeatherViewModel.swift in Sources */,
				42BFC0AA26F2D11A009A56E9 /* AppManager.swift in Sources */,
				42EE67BC26F2F70B004D611F /* Constants.swift in Sources */,
				42EE67CE26F460D3004D611F /* WeatherAPIRequestManager.swift in Sources */,
				42EE67C926F45536004D611F /* OneAPIDataModel.swift in Sources */,
			);
			runOnlyForDeploymentPostprocessing = 0;
		};
		42BFC08D26F2CF60009A56E9 /* Sources */ = {
			isa = PBXSourcesBuildPhase;
			buildActionMask = 2147483647;
			files = (
				42EE67CA26F45536004D611F /* OneAPIDataModel.swift in Sources */,
				42EE67C126F3023C004D611F /* SmallWeatherCollectionViewCell.swift in Sources */,
				42EE67AC26F2E21F004D611F /* UIViewExt.swift in Sources */,
				42EE67A026F2DD06004D611F /* CommonViewController.swift in Sources */,
				42BFC09626F2CF60009A56E9 /* WeatherUITests.swift in Sources */,
				42EE67CF26F460D3004D611F /* WeatherAPIRequestManager.swift in Sources */,
				42EE67C526F3C80E004D611F /* TempLabel.swift in Sources */,
				42BFC0AB26F2D11A009A56E9 /* AppManager.swift in Sources */,
				42EE67B926F2F423004D611F /* RootWeatherViewModel.swift in Sources */,
				42EE67BD26F2F70B004D611F /* Constants.swift in Sources */,
				42EE67B026F2F0F0004D611F /* CGFloatExt.swift in Sources */,
				42EE67A826F2E10B004D611F /* RootWeatherViewController.swift in Sources */,
				42EE67B526F2F407004D611F /* ViewModel.swift in Sources */,
				42EE67A426F2DE30004D611F /* ViewRouter.swift in Sources */,
			);
			runOnlyForDeploymentPostprocessing = 0;
		};
/* End PBXSourcesBuildPhase section */

/* Begin PBXTargetDependency section */
		42BFC08826F2CF60009A56E9 /* PBXTargetDependency */ = {
			isa = PBXTargetDependency;
			target = 42BFC06C26F2CF5C009A56E9 /* Weather */;
			targetProxy = 42BFC08726F2CF60009A56E9 /* PBXContainerItemProxy */;
		};
		42BFC09326F2CF60009A56E9 /* PBXTargetDependency */ = {
			isa = PBXTargetDependency;
			target = 42BFC06C26F2CF5C009A56E9 /* Weather */;
			targetProxy = 42BFC09226F2CF60009A56E9 /* PBXContainerItemProxy */;
		};
/* End PBXTargetDependency section */

/* Begin PBXVariantGroup section */
		42BFC07E26F2CF5F009A56E9 /* LaunchScreen.storyboard */ = {
			isa = PBXVariantGroup;
			children = (
				42BFC07F26F2CF5F009A56E9 /* Base */,
			);
			name = LaunchScreen.storyboard;
			sourceTree = "<group>";
		};
/* End PBXVariantGroup section */

/* Begin XCBuildConfiguration section */
		42BFC09826F2CF60009A56E9 /* Debug */ = {
			isa = XCBuildConfiguration;
			buildSettings = {
				ALWAYS_SEARCH_USER_PATHS = NO;
				CLANG_ANALYZER_NONNULL = YES;
				CLANG_ANALYZER_NUMBER_OBJECT_CONVERSION = YES_AGGRESSIVE;
				CLANG_CXX_LANGUAGE_STANDARD = "gnu++14";
				CLANG_CXX_LIBRARY = "libc++";
				CLANG_ENABLE_MODULES = YES;
				CLANG_ENABLE_OBJC_ARC = YES;
				CLANG_ENABLE_OBJC_WEAK = YES;
				CLANG_WARN_BLOCK_CAPTURE_AUTORELEASING = YES;
				CLANG_WARN_BOOL_CONVERSION = YES;
				CLANG_WARN_COMMA = YES;
				CLANG_WARN_CONSTANT_CONVERSION = YES;
				CLANG_WARN_DEPRECATED_OBJC_IMPLEMENTATIONS = YES;
				CLANG_WARN_DIRECT_OBJC_ISA_USAGE = YES_ERROR;
				CLANG_WARN_DOCUMENTATION_COMMENTS = YES;
				CLANG_WARN_EMPTY_BODY = YES;
				CLANG_WARN_ENUM_CONVERSION = YES;
				CLANG_WARN_INFINITE_RECURSION = YES;
				CLANG_WARN_INT_CONVERSION = YES;
				CLANG_WARN_NON_LITERAL_NULL_CONVERSION = YES;
				CLANG_WARN_OBJC_IMPLICIT_RETAIN_SELF = YES;
				CLANG_WARN_OBJC_LITERAL_CONVERSION = YES;
				CLANG_WARN_OBJC_ROOT_CLASS = YES_ERROR;
				CLANG_WARN_QUOTED_INCLUDE_IN_FRAMEWORK_HEADER = YES;
				CLANG_WARN_RANGE_LOOP_ANALYSIS = YES;
				CLANG_WARN_STRICT_PROTOTYPES = YES;
				CLANG_WARN_SUSPICIOUS_MOVE = YES;
				CLANG_WARN_UNGUARDED_AVAILABILITY = YES_AGGRESSIVE;
				CLANG_WARN_UNREACHABLE_CODE = YES;
				CLANG_WARN__DUPLICATE_METHOD_MATCH = YES;
				COPY_PHASE_STRIP = NO;
				DEBUG_INFORMATION_FORMAT = dwarf;
				ENABLE_STRICT_OBJC_MSGSEND = YES;
				ENABLE_TESTABILITY = YES;
				GCC_C_LANGUAGE_STANDARD = gnu11;
				GCC_DYNAMIC_NO_PIC = NO;
				GCC_NO_COMMON_BLOCKS = YES;
				GCC_OPTIMIZATION_LEVEL = 0;
				GCC_PREPROCESSOR_DEFINITIONS = (
					"DEBUG=1",
					"$(inherited)",
				);
				GCC_WARN_64_TO_32_BIT_CONVERSION = YES;
				GCC_WARN_ABOUT_RETURN_TYPE = YES_ERROR;
				GCC_WARN_UNDECLARED_SELECTOR = YES;
				GCC_WARN_UNINITIALIZED_AUTOS = YES_AGGRESSIVE;
				GCC_WARN_UNUSED_FUNCTION = YES;
				GCC_WARN_UNUSED_VARIABLE = YES;
				IPHONEOS_DEPLOYMENT_TARGET = 14.5;
				MTL_ENABLE_DEBUG_INFO = INCLUDE_SOURCE;
				MTL_FAST_MATH = YES;
				ONLY_ACTIVE_ARCH = YES;
				SDKROOT = iphoneos;
				SWIFT_ACTIVE_COMPILATION_CONDITIONS = DEBUG;
				SWIFT_OPTIMIZATION_LEVEL = "-Onone";
			};
			name = Debug;
		};
		42BFC09926F2CF60009A56E9 /* Release */ = {
			isa = XCBuildConfiguration;
			buildSettings = {
				ALWAYS_SEARCH_USER_PATHS = NO;
				CLANG_ANALYZER_NONNULL = YES;
				CLANG_ANALYZER_NUMBER_OBJECT_CONVERSION = YES_AGGRESSIVE;
				CLANG_CXX_LANGUAGE_STANDARD = "gnu++14";
				CLANG_CXX_LIBRARY = "libc++";
				CLANG_ENABLE_MODULES = YES;
				CLANG_ENABLE_OBJC_ARC = YES;
				CLANG_ENABLE_OBJC_WEAK = YES;
				CLANG_WARN_BLOCK_CAPTURE_AUTORELEASING = YES;
				CLANG_WARN_BOOL_CONVERSION = YES;
				CLANG_WARN_COMMA = YES;
				CLANG_WARN_CONSTANT_CONVERSION = YES;
				CLANG_WARN_DEPRECATED_OBJC_IMPLEMENTATIONS = YES;
				CLANG_WARN_DIRECT_OBJC_ISA_USAGE = YES_ERROR;
				CLANG_WARN_DOCUMENTATION_COMMENTS = YES;
				CLANG_WARN_EMPTY_BODY = YES;
				CLANG_WARN_ENUM_CONVERSION = YES;
				CLANG_WARN_INFINITE_RECURSION = YES;
				CLANG_WARN_INT_CONVERSION = YES;
				CLANG_WARN_NON_LITERAL_NULL_CONVERSION = YES;
				CLANG_WARN_OBJC_IMPLICIT_RETAIN_SELF = YES;
				CLANG_WARN_OBJC_LITERAL_CONVERSION = YES;
				CLANG_WARN_OBJC_ROOT_CLASS = YES_ERROR;
				CLANG_WARN_QUOTED_INCLUDE_IN_FRAMEWORK_HEADER = YES;
				CLANG_WARN_RANGE_LOOP_ANALYSIS = YES;
				CLANG_WARN_STRICT_PROTOTYPES = YES;
				CLANG_WARN_SUSPICIOUS_MOVE = YES;
				CLANG_WARN_UNGUARDED_AVAILABILITY = YES_AGGRESSIVE;
				CLANG_WARN_UNREACHABLE_CODE = YES;
				CLANG_WARN__DUPLICATE_METHOD_MATCH = YES;
				COPY_PHASE_STRIP = NO;
				DEBUG_INFORMATION_FORMAT = "dwarf-with-dsym";
				ENABLE_NS_ASSERTIONS = NO;
				ENABLE_STRICT_OBJC_MSGSEND = YES;
				GCC_C_LANGUAGE_STANDARD = gnu11;
				GCC_NO_COMMON_BLOCKS = YES;
				GCC_WARN_64_TO_32_BIT_CONVERSION = YES;
				GCC_WARN_ABOUT_RETURN_TYPE = YES_ERROR;
				GCC_WARN_UNDECLARED_SELECTOR = YES;
				GCC_WARN_UNINITIALIZED_AUTOS = YES_AGGRESSIVE;
				GCC_WARN_UNUSED_FUNCTION = YES;
				GCC_WARN_UNUSED_VARIABLE = YES;
				IPHONEOS_DEPLOYMENT_TARGET = 14.5;
				MTL_ENABLE_DEBUG_INFO = NO;
				MTL_FAST_MATH = YES;
				SDKROOT = iphoneos;
				SWIFT_COMPILATION_MODE = wholemodule;
				SWIFT_OPTIMIZATION_LEVEL = "-O";
				VALIDATE_PRODUCT = YES;
			};
			name = Release;
		};
		42BFC09B26F2CF60009A56E9 /* Debug */ = {
			isa = XCBuildConfiguration;
			baseConfigurationReference = D2ADE56AC918C8487399F20C /* Pods-Weather.debug.xcconfig */;
			buildSettings = {
				ASSETCATALOG_COMPILER_APPICON_NAME = AppIcon;
				ASSETCATALOG_COMPILER_GLOBAL_ACCENT_COLOR_NAME = AccentColor;
				CODE_SIGN_STYLE = Automatic;
				DEVELOPMENT_TEAM = 2383WHGFW7;
				INFOPLIST_FILE = Weather/Info.plist;
				IPHONEOS_DEPLOYMENT_TARGET = 12.1;
				LD_RUNPATH_SEARCH_PATHS = (
					"$(inherited)",
					"@executable_path/Frameworks",
				);
				PRODUCT_BUNDLE_IDENTIFIER = com.jstngoulet.Weather;
				PRODUCT_NAME = "$(TARGET_NAME)";
				SWIFT_VERSION = 5.0;
				TARGETED_DEVICE_FAMILY = "1,2";
			};
			name = Debug;
		};
		42BFC09C26F2CF60009A56E9 /* Release */ = {
			isa = XCBuildConfiguration;
			baseConfigurationReference = BE54BE68CD8926852211C249 /* Pods-Weather.release.xcconfig */;
			buildSettings = {
				ASSETCATALOG_COMPILER_APPICON_NAME = AppIcon;
				ASSETCATALOG_COMPILER_GLOBAL_ACCENT_COLOR_NAME = AccentColor;
				CODE_SIGN_STYLE = Automatic;
				DEVELOPMENT_TEAM = 2383WHGFW7;
				INFOPLIST_FILE = Weather/Info.plist;
				IPHONEOS_DEPLOYMENT_TARGET = 12.1;
				LD_RUNPATH_SEARCH_PATHS = (
					"$(inherited)",
					"@executable_path/Frameworks",
				);
				PRODUCT_BUNDLE_IDENTIFIER = com.jstngoulet.Weather;
				PRODUCT_NAME = "$(TARGET_NAME)";
				SWIFT_VERSION = 5.0;
				TARGETED_DEVICE_FAMILY = "1,2";
			};
			name = Release;
		};
		42BFC09E26F2CF60009A56E9 /* Debug */ = {
			isa = XCBuildConfiguration;
			baseConfigurationReference = CCDB157B2DF95C124BBD911F /* Pods-WeatherTests.debug.xcconfig */;
			buildSettings = {
				ALWAYS_EMBED_SWIFT_STANDARD_LIBRARIES = YES;
				BUNDLE_LOADER = "$(TEST_HOST)";
				CODE_SIGN_STYLE = Automatic;
				DEVELOPMENT_TEAM = 2383WHGFW7;
				INFOPLIST_FILE = WeatherTests/Info.plist;
				IPHONEOS_DEPLOYMENT_TARGET = 14.5;
				LD_RUNPATH_SEARCH_PATHS = (
					"$(inherited)",
					"@executable_path/Frameworks",
					"@loader_path/Frameworks",
				);
				PRODUCT_BUNDLE_IDENTIFIER = com.jstngoulet.WeatherTests;
				PRODUCT_NAME = "$(TARGET_NAME)";
				SWIFT_VERSION = 5.0;
				TARGETED_DEVICE_FAMILY = "1,2";
				TEST_HOST = "$(BUILT_PRODUCTS_DIR)/Weather.app/Weather";
			};
			name = Debug;
		};
		42BFC09F26F2CF60009A56E9 /* Release */ = {
			isa = XCBuildConfiguration;
			baseConfigurationReference = 8E9721DB0C1B28F8CBC89076 /* Pods-WeatherTests.release.xcconfig */;
			buildSettings = {
				ALWAYS_EMBED_SWIFT_STANDARD_LIBRARIES = YES;
				BUNDLE_LOADER = "$(TEST_HOST)";
				CODE_SIGN_STYLE = Automatic;
				DEVELOPMENT_TEAM = 2383WHGFW7;
				INFOPLIST_FILE = WeatherTests/Info.plist;
				IPHONEOS_DEPLOYMENT_TARGET = 14.5;
				LD_RUNPATH_SEARCH_PATHS = (
					"$(inherited)",
					"@executable_path/Frameworks",
					"@loader_path/Frameworks",
				);
				PRODUCT_BUNDLE_IDENTIFIER = com.jstngoulet.WeatherTests;
				PRODUCT_NAME = "$(TARGET_NAME)";
				SWIFT_VERSION = 5.0;
				TARGETED_DEVICE_FAMILY = "1,2";
				TEST_HOST = "$(BUILT_PRODUCTS_DIR)/Weather.app/Weather";
			};
			name = Release;
		};
		42BFC0A126F2CF60009A56E9 /* Debug */ = {
			isa = XCBuildConfiguration;
			baseConfigurationReference = 303966249D2D92EC55864A70 /* Pods-Weather-WeatherUITests.debug.xcconfig */;
			buildSettings = {
				ALWAYS_EMBED_SWIFT_STANDARD_LIBRARIES = YES;
				CODE_SIGN_STYLE = Automatic;
				DEVELOPMENT_TEAM = 2383WHGFW7;
				INFOPLIST_FILE = WeatherUITests/Info.plist;
				LD_RUNPATH_SEARCH_PATHS = (
					"$(inherited)",
					"@executable_path/Frameworks",
					"@loader_path/Frameworks",
				);
				PRODUCT_BUNDLE_IDENTIFIER = com.jstngoulet.WeatherUITests;
				PRODUCT_NAME = "$(TARGET_NAME)";
				SWIFT_VERSION = 5.0;
				TARGETED_DEVICE_FAMILY = "1,2";
				TEST_TARGET_NAME = Weather;
			};
			name = Debug;
		};
		42BFC0A226F2CF60009A56E9 /* Release */ = {
			isa = XCBuildConfiguration;
			baseConfigurationReference = E87EA5E2AB23B17AFA33D10A /* Pods-Weather-WeatherUITests.release.xcconfig */;
			buildSettings = {
				ALWAYS_EMBED_SWIFT_STANDARD_LIBRARIES = YES;
				CODE_SIGN_STYLE = Automatic;
				DEVELOPMENT_TEAM = 2383WHGFW7;
				INFOPLIST_FILE = WeatherUITests/Info.plist;
				LD_RUNPATH_SEARCH_PATHS = (
					"$(inherited)",
					"@executable_path/Frameworks",
					"@loader_path/Frameworks",
				);
				PRODUCT_BUNDLE_IDENTIFIER = com.jstngoulet.WeatherUITests;
				PRODUCT_NAME = "$(TARGET_NAME)";
				SWIFT_VERSION = 5.0;
				TARGETED_DEVICE_FAMILY = "1,2";
				TEST_TARGET_NAME = Weather;
			};
			name = Release;
		};
/* End XCBuildConfiguration section */

/* Begin XCConfigurationList section */
		42BFC06826F2CF5C009A56E9 /* Build configuration list for PBXProject "Weather" */ = {
			isa = XCConfigurationList;
			buildConfigurations = (
				42BFC09826F2CF60009A56E9 /* Debug */,
				42BFC09926F2CF60009A56E9 /* Release */,
			);
			defaultConfigurationIsVisible = 0;
			defaultConfigurationName = Release;
		};
		42BFC09A26F2CF60009A56E9 /* Build configuration list for PBXNativeTarget "Weather" */ = {
			isa = XCConfigurationList;
			buildConfigurations = (
				42BFC09B26F2CF60009A56E9 /* Debug */,
				42BFC09C26F2CF60009A56E9 /* Release */,
			);
			defaultConfigurationIsVisible = 0;
			defaultConfigurationName = Release;
		};
		42BFC09D26F2CF60009A56E9 /* Build configuration list for PBXNativeTarget "WeatherTests" */ = {
			isa = XCConfigurationList;
			buildConfigurations = (
				42BFC09E26F2CF60009A56E9 /* Debug */,
				42BFC09F26F2CF60009A56E9 /* Release */,
			);
			defaultConfigurationIsVisible = 0;
			defaultConfigurationName = Release;
		};
		42BFC0A026F2CF60009A56E9 /* Build configuration list for PBXNativeTarget "WeatherUITests" */ = {
			isa = XCConfigurationList;
			buildConfigurations = (
				42BFC0A126F2CF60009A56E9 /* Debug */,
				42BFC0A226F2CF60009A56E9 /* Release */,
			);
			defaultConfigurationIsVisible = 0;
			defaultConfigurationName = Release;
		};
/* End XCConfigurationList section */

/* Begin XCVersionGroup section */
		42BFC07926F2CF5C009A56E9 /* Weather.xcdatamodeld */ = {
			isa = XCVersionGroup;
			children = (
				42BFC07A26F2CF5C009A56E9 /* Weather.xcdatamodel */,
			);
			currentVersion = 42BFC07A26F2CF5C009A56E9 /* Weather.xcdatamodel */;
			path = Weather.xcdatamodeld;
			sourceTree = "<group>";
			versionGroupType = wrapper.xcdatamodel;
		};
/* End XCVersionGroup section */
	};
	rootObject = 42BFC06526F2CF5C009A56E9 /* Project object */;
}
